// !$*UTF8*$!
{
	archiveVersion = 1;
	classes = {
	};
	objectVersion = 46;
	objects = {

/* Begin PBXBuildFile section */
		267C10DB1AE952880054CAA3 /* main.m in Sources */ = {isa = PBXBuildFile; fileRef = 267C10DA1AE952880054CAA3 /* main.m */; };
		267C10DE1AE952880054CAA3 /* AppDelegate.m in Sources */ = {isa = PBXBuildFile; fileRef = 267C10DD1AE952880054CAA3 /* AppDelegate.m */; };
		267C10E61AE952880054CAA3 /* Images.xcassets in Resources */ = {isa = PBXBuildFile; fileRef = 267C10E51AE952880054CAA3 /* Images.xcassets */; };
		267C10E91AE952880054CAA3 /* LaunchScreen.xib in Resources */ = {isa = PBXBuildFile; fileRef = 267C10E71AE952880054CAA3 /* LaunchScreen.xib */; };
		267C10F51AE952880054CAA3 /* QQListTableDemoTests.m in Sources */ = {isa = PBXBuildFile; fileRef = 267C10F41AE952880054CAA3 /* QQListTableDemoTests.m */; };
		267C11061AE95A470054CAA3 /* ListTableViewController.m in Sources */ = {isa = PBXBuildFile; fileRef = 267C11051AE95A470054CAA3 /* ListTableViewController.m */; };
		267C11091AE95AC30054CAA3 /* GroupModel.m in Sources */ = {isa = PBXBuildFile; fileRef = 267C11081AE95AC30054CAA3 /* GroupModel.m */; };
		267C110C1AE95ADE0054CAA3 /* FriendsModel.m in Sources */ = {isa = PBXBuildFile; fileRef = 267C110B1AE95ADE0054CAA3 /* FriendsModel.m */; };
		267C110E1AE95B610054CAA3 /* friends.plist in Resources */ = {isa = PBXBuildFile; fileRef = 267C110D1AE95B610054CAA3 /* friends.plist */; };
		267C11111AE9EE2A0054CAA3 /* SectionHeaderView.m in Sources */ = {isa = PBXBuildFile; fileRef = 267C11101AE9EE2A0054CAA3 /* SectionHeaderView.m */; };
/* End PBXBuildFile section */

/* Begin PBXContainerItemProxy section */
		267C10EF1AE952880054CAA3 /* PBXContainerItemProxy */ = {
			isa = PBXContainerItemProxy;
			containerPortal = 267C10CD1AE952880054CAA3 /* Project object */;
			proxyType = 1;
			remoteGlobalIDString = 267C10D41AE952880054CAA3;
			remoteInfo = QQListTableDemo;
		};
/* End PBXContainerItemProxy section */

/* Begin PBXFileReference section */
		267C10D51AE952880054CAA3 /* QQListTableDemo.app */ = {isa = PBXFileReference; explicitFileType = wrapper.application; includeInIndex = 0; path = QQListTableDemo.app; sourceTree = BUILT_PRODUCTS_DIR; };
		267C10D91AE952880054CAA3 /* Info.plist */ = {isa = PBXFileReference; lastKnownFileType = text.plist.xml; path = Info.plist; sourceTree = "<group>"; };
		267C10DA1AE952880054CAA3 /* main.m */ = {isa = PBXFileReference; lastKnownFileType = sourcecode.c.objc; path = main.m; sourceTree = "<group>"; };
		267C10DC1AE952880054CAA3 /* AppDelegate.h */ = {isa = PBXFileReference; lastKnownFileType = sourcecode.c.h; path = AppDelegate.h; sourceTree = "<group>"; };
		267C10DD1AE952880054CAA3 /* AppDelegate.m */ = {isa = PBXFileReference; lastKnownFileType = sourcecode.c.objc; path = AppDelegate.m; sourceTree = "<group>"; };
		267C10E51AE952880054CAA3 /* Images.xcassets */ = {isa = PBXFileReference; lastKnownFileType = folder.assetcatalog; path = Images.xcassets; sourceTree = "<group>"; };
		267C10E81AE952880054CAA3 /* Base */ = {isa = PBXFileReference; lastKnownFileType = file.xib; name = Base; path = Base.lproj/LaunchScreen.xib; sourceTree = "<group>"; };
		267C10EE1AE952880054CAA3 /* QQListTableDemoTests.xctest */ = {isa = PBXFileReference; explicitFileType = wrapper.cfbundle; includeInIndex = 0; path = QQListTableDemoTests.xctest; sourceTree = BUILT_PRODUCTS_DIR; };
		267C10F31AE952880054CAA3 /* Info.plist */ = {isa = PBXFileReference; lastKnownFileType = text.plist.xml; path = Info.plist; sourceTree = "<group>"; };
		267C10F41AE952880054CAA3 /* QQListTableDemoTests.m */ = {isa = PBXFileReference; lastKnownFileType = sourcecode.c.objc; path = QQListTableDemoTests.m; sourceTree = "<group>"; };
		267C11041AE95A470054CAA3 /* ListTableViewController.h */ = {isa = PBXFileReference; fileEncoding = 4; lastKnownFileType = sourcecode.c.h; name = ListTableViewController.h; path = ../ListTableViewController.h; sourceTree = "<group>"; };
		267C11051AE95A470054CAA3 /* ListTableViewController.m */ = {isa = PBXFileReference; fileEncoding = 4; lastKnownFileType = sourcecode.c.objc; name = ListTableViewController.m; path = ../ListTableViewController.m; sourceTree = "<group>"; };
		267C11071AE95AC30054CAA3 /* GroupModel.h */ = {isa = PBXFileReference; fileEncoding = 4; lastKnownFileType = sourcecode.c.h; path = GroupModel.h; sourceTree = "<group>"; };
		267C11081AE95AC30054CAA3 /* GroupModel.m */ = {isa = PBXFileReference; fileEncoding = 4; lastKnownFileType = sourcecode.c.objc; path = GroupModel.m; sourceTree = "<group>"; };
		267C110A1AE95ADE0054CAA3 /* FriendsModel.h */ = {isa = PBXFileReference; fileEncoding = 4; lastKnownFileType = sourcecode.c.h; path = FriendsModel.h; sourceTree = "<group>"; };
		267C110B1AE95ADE0054CAA3 /* FriendsModel.m */ = {isa = PBXFileReference; fileEncoding = 4; lastKnownFileType = sourcecode.c.objc; path = FriendsModel.m; sourceTree = "<group>"; };
		267C110D1AE95B610054CAA3 /* friends.plist */ = {isa = PBXFileReference; fileEncoding = 4; lastKnownFileType = text.plist.xml; path = friends.plist; sourceTree = "<group>"; };
		267C110F1AE9EE2A0054CAA3 /* SectionHeaderView.h */ = {isa = PBXFileReference; fileEncoding = 4; lastKnownFileType = sourcecode.c.h; path = SectionHeaderView.h; sourceTree = "<group>"; };
		267C11101AE9EE2A0054CAA3 /* SectionHeaderView.m */ = {isa = PBXFileReference; fileEncoding = 4; lastKnownFileType = sourcecode.c.objc; path = SectionHeaderView.m; sourceTree = "<group>"; };
/* End PBXFileReference section */

/* Begin PBXFrameworksBuildPhase section */
		267C10D21AE952880054CAA3 /* Frameworks */ = {
			isa = PBXFrameworksBuildPhase;
			buildActionMask = 2147483647;
			files = (
			);
			runOnlyForDeploymentPostprocessing = 0;
		};
		267C10EB1AE952880054CAA3 /* Frameworks */ = {
			isa = PBXFrameworksBuildPhase;
			buildActionMask = 2147483647;
			files = (
			);
			runOnlyForDeploymentPostprocessing = 0;
		};
/* End PBXFrameworksBuildPhase section */

/* Begin PBXGroup section */
		265A9AF01AEA2FBD004387AF /* Controller */ = {
			isa = PBXGroup;
			children = (
				267C11041AE95A470054CAA3 /* ListTableViewController.h */,
				267C11051AE95A470054CAA3 /* ListTableViewController.m */,
			);
			name = Controller;
			path = Controller/Controller;
			sourceTree = "<group>";
		};
		267C10CC1AE952880054CAA3 = {
			isa = PBXGroup;
			children = (
				267C10D71AE952880054CAA3 /* QQListTableDemo */,
				267C10F11AE952880054CAA3 /* QQListTableDemoTests */,
				267C10D61AE952880054CAA3 /* Products */,
			);
			sourceTree = "<group>";
		};
		267C10D61AE952880054CAA3 /* Products */ = {
			isa = PBXGroup;
			children = (
				267C10D51AE952880054CAA3 /* QQListTableDemo.app */,
				267C10EE1AE952880054CAA3 /* QQListTableDemoTests.xctest */,
			);
			name = Products;
			sourceTree = "<group>";
		};
		267C10D71AE952880054CAA3 /* QQListTableDemo */ = {
			isa = PBXGroup;
			children = (
				267C11021AE959C30054CAA3 /* Model */,
				267C11031AE959CA0054CAA3 /* View */,
				265A9AF01AEA2FBD004387AF /* Controller */,
				267C10DC1AE952880054CAA3 /* AppDelegate.h */,
				267C10DD1AE952880054CAA3 /* AppDelegate.m */,
				267C10E51AE952880054CAA3 /* Images.xcassets */,
				267C10E71AE952880054CAA3 /* LaunchScreen.xib */,
				267C10D81AE952880054CAA3 /* Supporting Files */,
			);
			path = QQListTableDemo;
			sourceTree = "<group>";
		};
		267C10D81AE952880054CAA3 /* Supporting Files */ = {
			isa = PBXGroup;
			children = (
				267C110D1AE95B610054CAA3 /* friends.plist */,
				267C10D91AE952880054CAA3 /* Info.plist */,
				267C10DA1AE952880054CAA3 /* main.m */,
			);
			name = "Supporting Files";
			sourceTree = "<group>";
		};
		267C10F11AE952880054CAA3 /* QQListTableDemoTests */ = {
			isa = PBXGroup;
			children = (
				267C10F41AE952880054CAA3 /* QQListTableDemoTests.m */,
				267C10F21AE952880054CAA3 /* Supporting Files */,
			);
			path = QQListTableDemoTests;
			sourceTree = "<group>";
		};
		267C10F21AE952880054CAA3 /* Supporting Files */ = {
			isa = PBXGroup;
			children = (
				267C10F31AE952880054CAA3 /* Info.plist */,
			);
			name = "Supporting Files";
			sourceTree = "<group>";
		};
		267C11021AE959C30054CAA3 /* Model */ = {
			isa = PBXGroup;
			children = (
				267C11071AE95AC30054CAA3 /* GroupModel.h */,
				267C11081AE95AC30054CAA3 /* GroupModel.m */,
				267C110A1AE95ADE0054CAA3 /* FriendsModel.h */,
				267C110B1AE95ADE0054CAA3 /* FriendsModel.m */,
			);
			name = Model;
			path = ../QQListTableDemo.xcodeproj/QQListTableDemo/Model;
			sourceTree = "<group>";
		};
		267C11031AE959CA0054CAA3 /* View */ = {
			isa = PBXGroup;
			children = (
				267C110F1AE9EE2A0054CAA3 /* SectionHeaderView.h */,
				267C11101AE9EE2A0054CAA3 /* SectionHeaderView.m */,
			);
			name = View;
			path = QQListTableDemo.xcodeproj/QQListTableDemo/View;
			sourceTree = SOURCE_ROOT;
		};
/* End PBXGroup section */

/* Begin PBXNativeTarget section */
		267C10D41AE952880054CAA3 /* QQListTableDemo */ = {
			isa = PBXNativeTarget;
			buildConfigurationList = 267C10F81AE952880054CAA3 /* Build configuration list for PBXNativeTarget "QQListTableDemo" */;
			buildPhases = (
				267C10D11AE952880054CAA3 /* Sources */,
				267C10D21AE952880054CAA3 /* Frameworks */,
				267C10D31AE952880054CAA3 /* Resources */,
			);
			buildRules = (
			);
			dependencies = (
			);
			name = QQListTableDemo;
			productName = QQListTableDemo;
			productReference = 267C10D51AE952880054CAA3 /* QQListTableDemo.app */;
			productType = "com.apple.product-type.application";
		};
		267C10ED1AE952880054CAA3 /* QQListTableDemoTests */ = {
			isa = PBXNativeTarget;
			buildConfigurationList = 267C10FB1AE952880054CAA3 /* Build configuration list for PBXNativeTarget "QQListTableDemoTests" */;
			buildPhases = (
				267C10EA1AE952880054CAA3 /* Sources */,
				267C10EB1AE952880054CAA3 /* Frameworks */,
				267C10EC1AE952880054CAA3 /* Resources */,
			);
			buildRules = (
			);
			dependencies = (
				267C10F01AE952880054CAA3 /* PBXTargetDependency */,
			);
			name = QQListTableDemoTests;
			productName = QQListTableDemoTests;
			productReference = 267C10EE1AE952880054CAA3 /* QQListTableDemoTests.xctest */;
			productType = "com.apple.product-type.bundle.unit-test";
		};
/* End PBXNativeTarget section */

/* Begin PBXProject section */
		267C10CD1AE952880054CAA3 /* Project object */ = {
			isa = PBXProject;
			attributes = {
				LastUpgradeCheck = 0630;
				ORGANIZATIONNAME = ShayneChow;
				TargetAttributes = {
					267C10D41AE952880054CAA3 = {
						CreatedOnToolsVersion = 6.3;
					};
					267C10ED1AE952880054CAA3 = {
						CreatedOnToolsVersion = 6.3;
						TestTargetID = 267C10D41AE952880054CAA3;
					};
				};
			};
			buildConfigurationList = 267C10D01AE952880054CAA3 /* Build configuration list for PBXProject "QQListTableDemo" */;
			compatibilityVersion = "Xcode 3.2";
			developmentRegion = English;
			hasScannedForEncodings = 0;
			knownRegions = (
				en,
				Base,
			);
			mainGroup = 267C10CC1AE952880054CAA3;
			productRefGroup = 267C10D61AE952880054CAA3 /* Products */;
			projectDirPath = "";
			projectRoot = "";
			targets = (
				267C10D41AE952880054CAA3 /* QQListTableDemo */,
				267C10ED1AE952880054CAA3 /* QQListTableDemoTests */,
			);
		};
/* End PBXProject section */

/* Begin PBXResourcesBuildPhase section */
		267C10D31AE952880054CAA3 /* Resources */ = {
			isa = PBXResourcesBuildPhase;
			buildActionMask = 2147483647;
			files = (
				267C10E91AE952880054CAA3 /* LaunchScreen.xib in Resources */,
				267C10E61AE952880054CAA3 /* Images.xcassets in Resources */,
				267C110E1AE95B610054CAA3 /* friends.plist in Resources */,
			);
			runOnlyForDeploymentPostprocessing = 0;
		};
		267C10EC1AE952880054CAA3 /* Resources */ = {
			isa = PBXResourcesBuildPhase;
			buildActionMask = 2147483647;
			files = (
			);
			runOnlyForDeploymentPostprocessing = 0;
		};
/* End PBXResourcesBuildPhase section */

/* Begin PBXSourcesBuildPhase section */
		267C10D11AE952880054CAA3 /* Sources */ = {
			isa = PBXSourcesBuildPhase;
			buildActionMask = 2147483647;
			files = (
				267C10DE1AE952880054CAA3 /* AppDelegate.m in Sources */,
				267C11111AE9EE2A0054CAA3 /* SectionHeaderView.m in Sources */,
				267C110C1AE95ADE0054CAA3 /* FriendsModel.m in Sources */,
				267C11091AE95AC30054CAA3 /* GroupModel.m in Sources */,
				267C10DB1AE952880054CAA3 /* main.m in Sources */,
				267C11061AE95A470054CAA3 /* ListTableViewController.m in Sources */,
			);
			runOnlyForDeploymentPostprocessing = 0;
		};
		267C10EA1AE952880054CAA3 /* Sources */ = {
			isa = PBXSourcesBuildPhase;
			buildActionMask = 2147483647;
			files = (
				267C10F51AE952880054CAA3 /* QQListTableDemoTests.m in Sources */,
			);
			runOnlyForDeploymentPostprocessing = 0;
		};
/* End PBXSourcesBuildPhase section */

/* Begin PBXTargetDependency section */
		267C10F01AE952880054CAA3 /* PBXTargetDependency */ = {
			isa = PBXTargetDependency;
			target = 267C10D41AE952880054CAA3 /* QQListTableDemo */;
			targetProxy = 267C10EF1AE952880054CAA3 /* PBXContainerItemProxy */;
		};
/* End PBXTargetDependency section */

/* Begin PBXVariantGroup section */
		267C10E71AE952880054CAA3 /* LaunchScreen.xib */ = {
			isa = PBXVariantGroup;
			children = (
				267C10E81AE952880054CAA3 /* Base */,
			);
			name = LaunchScreen.xib;
			sourceTree = "<group>";
		};
/* End PBXVariantGroup section */

/* Begin XCBuildConfiguration section */
		267C10F61AE952880054CAA3 /* Debug */ = {
			isa = XCBuildConfiguration;
			buildSettings = {
				ALWAYS_SEARCH_USER_PATHS = NO;
				CLANG_CXX_LANGUAGE_STANDARD = "gnu++0x";
				CLANG_CXX_LIBRARY = "libc++";
				CLANG_ENABLE_MODULES = YES;
				CLANG_ENABLE_OBJC_ARC = YES;
				CLANG_WARN_BOOL_CONVERSION = YES;
				CLANG_WARN_CONSTANT_CONVERSION = YES;
				CLANG_WARN_DIRECT_OBJC_ISA_USAGE = YES_ERROR;
				CLANG_WARN_EMPTY_BODY = YES;
				CLANG_WARN_ENUM_CONVERSION = YES;
				CLANG_WARN_INT_CONVERSION = YES;
				CLANG_WARN_OBJC_ROOT_CLASS = YES_ERROR;
				CLANG_WARN_UNREACHABLE_CODE = YES;
				CLANG_WARN__DUPLICATE_METHOD_MATCH = YES;
				"CODE_SIGN_IDENTITY[sdk=iphoneos*]" = "iPhone Developer";
				COPY_PHASE_STRIP = NO;
				DEBUG_INFORMATION_FORMAT = "dwarf-with-dsym";
				ENABLE_STRICT_OBJC_MSGSEND = YES;
				GCC_C_LANGUAGE_STANDARD = gnu99;
				GCC_DYNAMIC_NO_PIC = NO;
				GCC_NO_COMMON_BLOCKS = YES;
				GCC_OPTIMIZATION_LEVEL = 0;
				GCC_PREPROCESSOR_DEFINITIONS = (
					"DEBUG=1",
					"$(inherited)",
				);
				GCC_SYMBOLS_PRIVATE_EXTERN = NO;
				GCC_WARN_64_TO_32_BIT_CONVERSION = YES;
				GCC_WARN_ABOUT_RETURN_TYPE = YES_ERROR;
				GCC_WARN_UNDECLARED_SELECTOR = YES;
				GCC_WARN_UNINITIALIZED_AUTOS = YES_AGGRESSIVE;
				GCC_WARN_UNUSED_FUNCTION = YES;
				GCC_WARN_UNUSED_VARIABLE = YES;
				IPHONEOS_DEPLOYMENT_TARGET = 8.3;
				MTL_ENABLE_DEBUG_INFO = YES;
				ONLY_ACTIVE_ARCH = YES;
				SDKROOT = iphoneos;
			};
			name = Debug;
		};
		267C10F71AE952880054CAA3 /* Release */ = {
			isa = XCBuildConfiguration;
			buildSettings = {
				ALWAYS_SEARCH_USER_PATHS = NO;
				CLANG_CXX_LANGUAGE_STANDARD = "gnu++0x";
				CLANG_CXX_LIBRARY = "libc++";
				CLANG_ENABLE_MODULES = YES;
				CLANG_ENABLE_OBJC_ARC = YES;
				CLANG_WARN_BOOL_CONVERSION = YES;
				CLANG_WARN_CONSTANT_CONVERSION = YES;
				CLANG_WARN_DIRECT_OBJC_ISA_USAGE = YES_ERROR;
				CLANG_WARN_EMPTY_BODY = YES;
				CLANG_WARN_ENUM_CONVERSION = YES;
				CLANG_WARN_INT_CONVERSION = YES;
				CLANG_WARN_OBJC_ROOT_CLASS = YES_ERROR;
				CLANG_WARN_UNREACHABLE_CODE = YES;
				CLANG_WARN__DUPLICATE_METHOD_MATCH = YES;
				"CODE_SIGN_IDENTITY[sdk=iphoneos*]" = "iPhone Developer";
				COPY_PHASE_STRIP = NO;
				DEBUG_INFORMATION_FORMAT = "dwarf-with-dsym";
				ENABLE_NS_ASSERTIONS = NO;
				ENABLE_STRICT_OBJC_MSGSEND = YES;
				GCC_C_LANGUAGE_STANDARD = gnu99;
				GCC_NO_COMMON_BLOCKS = YES;
				GCC_WARN_64_TO_32_BIT_CONVERSION = YES;
				GCC_WARN_ABOUT_RETURN_TYPE = YES_ERROR;
				GCC_WARN_UNDECLARED_SELECTOR = YES;
				GCC_WARN_UNINITIALIZED_AUTOS = YES_AGGRESSIVE;
				GCC_WARN_UNUSED_FUNCTION = YES;
				GCC_WARN_UNUSED_VARIABLE = YES;
				IPHONEOS_DEPLOYMENT_TARGET = 8.3;
				MTL_ENABLE_DEBUG_INFO = NO;
				SDKROOT = iphoneos;
				VALIDATE_PRODUCT = YES;
			};
			name = Release;
		};
		267C10F91AE952880054CAA3 /* Debug */ = {
			isa = XCBuildConfiguration;
			buildSettings = {
				ASSETCATALOG_COMPILER_APPICON_NAME = AppIcon;
				INFOPLIST_FILE = QQListTableDemo/Info.plist;
				LD_RUNPATH_SEARCH_PATHS = "$(inherited) @executable_path/Frameworks";
				PRODUCT_NAME = "$(TARGET_NAME)";
			};
			name = Debug;
		};
		267C10FA1AE952880054CAA3 /* Release */ = {
			isa = XCBuildConfiguration;
			buildSettings = {
				ASSETCATALOG_COMPILER_APPICON_NAME = AppIcon;
				INFOPLIST_FILE = QQListTableDemo/Info.plist;
				LD_RUNPATH_SEARCH_PATHS = "$(inherited) @executable_path/Frameworks";
				PRODUCT_NAME = "$(TARGET_NAME)";
			};
			name = Release;
		};
		267C10FC1AE952880054CAA3 /* Debug */ = {
			isa = XCBuildConfiguration;
			buildSettings = {
				BUNDLE_LOADER = "$(TEST_HOST)";
				FRAMEWORK_SEARCH_PATHS = (
					"$(SDKROOT)/Developer/Library/Frameworks",
					"$(inherited)",
				);
				GCC_PREPROCESSOR_DEFINITIONS = (
					"DEBUG=1",
					"$(inherited)",
				);
				INFOPLIST_FILE = QQListTableDemoTests/Info.plist;
				LD_RUNPATH_SEARCH_PATHS = "$(inherited) @executable_path/Frameworks @loader_path/Frameworks";
				PRODUCT_NAME = "$(TARGET_NAME)";
				TEST_HOST = "$(BUILT_PRODUCTS_DIR)/QQListTableDemo.app/QQListTableDemo";
			};
			name = Debug;
		};
		267C10FD1AE952880054CAA3 /* Release */ = {
			isa = XCBuildConfiguration;
			buildSettings = {
				BUNDLE_LOADER = "$(TEST_HOST)";
				FRAMEWORK_SEARCH_PATHS = (
					"$(SDKROOT)/Developer/Library/Frameworks",
					"$(inherited)",
				);
				INFOPLIST_FILE = QQListTableDemoTests/Info.plist;
				LD_RUNPATH_SEARCH_PATHS = "$(inherited) @executable_path/Frameworks @loader_path/Frameworks";
				PRODUCT_NAME = "$(TARGET_NAME)";
				TEST_HOST = "$(BUILT_PRODUCTS_DIR)/QQListTableDemo.app/QQListTableDemo";
			};
			name = Release;
		};
/* End XCBuildConfiguration section */

/* Begin XCConfigurationList section */
		267C10D01AE952880054CAA3 /* Build configuration list for PBXProject "QQListTableDemo" */ = {
			isa = XCConfigurationList;
			buildConfigurations = (
				267C10F61AE952880054CAA3 /* Debug */,
				267C10F71AE952880054CAA3 /* Release */,
			);
			defaultConfigurationIsVisible = 0;
			defaultConfigurationName = Release;
		};
		267C10F81AE952880054CAA3 /* Build configuration list for PBXNativeTarget "QQListTableDemo" */ = {
			isa = XCConfigurationList;
			buildConfigurations = (
				267C10F91AE952880054CAA3 /* Debug */,
				267C10FA1AE952880054CAA3 /* Release */,
			);
			defaultConfigurationIsVisible = 0;
			defaultConfigurationName = Release;
		};
		267C10FB1AE952880054CAA3 /* Build configuration list for PBXNativeTarget "QQListTableDemoTests" */ = {
			isa = XCConfigurationList;
			buildConfigurations = (
				267C10FC1AE952880054CAA3 /* Debug */,
				267C10FD1AE952880054CAA3 /* Release */,
			);
			defaultConfigurationIsVisible = 0;
			defaultConfigurationName = Release;
		};
/* End XCConfigurationList section */
	};
	rootObject = 267C10CD1AE952880054CAA3 /* Project object */;
}
